# This file is generated by running "yarn install" inside your project.
# Manual changes might be lost - proceed with caution!

__metadata:
  version: 8
  cacheKey: 10c0

"@cspotcode/source-map-support@npm:^0.8.0":
  version: 0.8.1
  resolution: "@cspotcode/source-map-support@npm:0.8.1"
  dependencies:
    "@jridgewell/trace-mapping": "npm:0.3.9"
  checksum: 10c0/05c5368c13b662ee4c122c7bfbe5dc0b613416672a829f3e78bc49a357a197e0218d6e74e7c66cfcd04e15a179acab080bd3c69658c9fbefd0e1ccd950a07fc6
  languageName: node
  linkType: hard

"@jridgewell/resolve-uri@npm:^3.0.3":
  version: 3.1.1
  resolution: "@jridgewell/resolve-uri@npm:3.1.1"
  checksum: 10c0/0dbc9e29bc640bbbdc5b9876d2859c69042bfcf1423c1e6421bcca53e826660bff4e41c7d4bcb8dbea696404231a6f902f76ba41835d049e20f2dd6cffb713bf
  languageName: node
  linkType: hard

"@jridgewell/sourcemap-codec@npm:^1.4.10":
  version: 1.4.15
  resolution: "@jridgewell/sourcemap-codec@npm:1.4.15"
  checksum: 10c0/0c6b5ae663087558039052a626d2d7ed5208da36cfd707dcc5cea4a07cfc918248403dcb5989a8f7afaf245ce0573b7cc6fd94c4a30453bd10e44d9363940ba5
  languageName: node
  linkType: hard

"@jridgewell/trace-mapping@npm:0.3.9":
  version: 0.3.9
  resolution: "@jridgewell/trace-mapping@npm:0.3.9"
  dependencies:
    "@jridgewell/resolve-uri": "npm:^3.0.3"
    "@jridgewell/sourcemap-codec": "npm:^1.4.10"
  checksum: 10c0/fa425b606d7c7ee5bfa6a31a7b050dd5814b4082f318e0e4190f991902181b4330f43f4805db1dd4f2433fd0ed9cc7a7b9c2683f1deeab1df1b0a98b1e24055b
  languageName: node
  linkType: hard

"@rvohealth/dream-spec-helpers@npm:^0.0.8":
  version: 0.0.8
  resolution: "@rvohealth/dream-spec-helpers@npm:0.0.8::__archiveUrl=https%3A%2F%2Fnpm.pkg.github.com%2Fdownload%2F%40rvohealth%2Fdream-spec-helpers%2F0.0.8%2Fe54751eafed8bc963c549ffc245da7a627c37237"
  dependencies:
    lodash.sortby: "npm:^4.7.0"
  peerDependencies:
    "@types/jest": "*"
    "@types/node": "*"
    "@types/pg": "*"
    jest: "*"
    pg: "*"
    ts-jest: "*"
    ts-node: "*"
  checksum: 10c0/9248145f0b71f3fd8efcf10a36c59ebc6811dd09caa56b7c2e0c95937caaa21eb4a71f0d29bfb2b0e8eea98079f908a5707dcdb5c257a6551935446cc3948ae8
  languageName: node
  linkType: hard

"@rvohealth/dream@npm:^0.13.4":
  version: 0.13.4
  resolution: "@rvohealth/dream@npm:0.13.4::__archiveUrl=https%3A%2F%2Fnpm.pkg.github.com%2Fdownload%2F%40rvohealth%2Fdream%2F0.13.4%2F4746f96dc5d186814fb8c7eb95e04cc32bf1a61b"
  dependencies:
    "@types/lodash.clonedeep": "npm:^4.5.9"
    "@types/lodash.clonedeepwith": "npm:^4.5.9"
    "@types/lodash.isempty": "npm:^4.4.9"
    "@types/lodash.sortby": "npm:^4.7.9"
    "@types/lodash.uniq": "npm:^4.5.9"
    "@types/lodash.uniqwith": "npm:^4.5.9"
    "@types/pluralize": "npm:^0.0.33"
    colorette: "npm:^2.0.20"
    commander: "npm:^12.1.0"
    dotenv: "npm:^16.4.5"
    lodash.clonedeep: "npm:^4.5.0"
    lodash.clonedeepwith: "npm:^4.5.0"
    lodash.isempty: "npm:^4.4.0"
    lodash.sortby: "npm:^4.7.0"
    lodash.uniq: "npm:^4.5.0"
    lodash.uniqwith: "npm:^4.5.0"
    pluralize: "npm:^8.0.0"
  peerDependencies:
    "@rvohealth/dream-spec-helpers": "*"
    "@types/luxon": ^3.4.2
    "@types/node": "*"
    "@types/pg": "*"
    kysely: ^0.27.4
    kysely-codegen: ~0.16.3
    luxon: ^3.5.0
    pg: "*"
  bin:
    dream: ./dist/src/global-cli/dream.js
  checksum: 10c0/aed079656b193a744ca4802642479090d520379726d811fda62bf6b1c668ac593583054c0f68afbce5851d1bc9a6a18e17735303a5cf248920ba6df3dd7e0001
  languageName: node
  linkType: hard

"@rvohealth/psychic-cli@workspace:.":
  version: 0.0.0-use.local
  resolution: "@rvohealth/psychic-cli@workspace:."
  dependencies:
    "@rvohealth/dream": "npm:^0.13.4"
    "@rvohealth/dream-spec-helpers": "npm:^0.0.8"
    "@types/luxon": "npm:^3.4.2"
    "@types/node": "npm:^22.6.1"
    "@types/pg": "npm:^8.11.10"
    colorette: "npm:^2.0.20"
    commander: "npm:^10.0.1"
    kysely: "npm:^0.27.4"
    kysely-codegen: "npm:^0.16.8"
    luxon: "npm:^3.5.0"
    ora: "npm:^6.3.0"
    pg: "npm:^8.13.0"
    pino-std-serializers: "npm:^4.0.0"
    prettier: "npm:^2.8.7"
    ts-node: "npm:^10.9.1"
    typescript: "npm:^4.9.4"
  bin:
    psy: ./dist/src/psy.js
  languageName: unknown
  linkType: soft

"@tsconfig/node10@npm:^1.0.7":
  version: 1.0.9
  resolution: "@tsconfig/node10@npm:1.0.9"
  checksum: 10c0/c176a2c1e1b16be120c328300ea910df15fb9a5277010116d26818272341a11483c5a80059389d04edacf6fd2d03d4687ad3660870fdd1cc0b7109e160adb220
  languageName: node
  linkType: hard

"@tsconfig/node12@npm:^1.0.7":
  version: 1.0.11
  resolution: "@tsconfig/node12@npm:1.0.11"
  checksum: 10c0/dddca2b553e2bee1308a056705103fc8304e42bb2d2cbd797b84403a223b25c78f2c683ec3e24a095e82cd435387c877239bffcb15a590ba817cd3f6b9a99fd9
  languageName: node
  linkType: hard

"@tsconfig/node14@npm:^1.0.0":
  version: 1.0.3
  resolution: "@tsconfig/node14@npm:1.0.3"
  checksum: 10c0/67c1316d065fdaa32525bc9449ff82c197c4c19092b9663b23213c8cbbf8d88b6ed6a17898e0cbc2711950fbfaf40388938c1c748a2ee89f7234fc9e7fe2bf44
  languageName: node
  linkType: hard

"@tsconfig/node16@npm:^1.0.2":
  version: 1.0.3
  resolution: "@tsconfig/node16@npm:1.0.3"
  checksum: 10c0/451a0d4b2bc35c2cdb30a49b6c699d797b8bbac99b883237659698678076d4193050d90e2ee36016ccbca57075cdb073cadab38cedc45119bac68ab331958cbc
  languageName: node
  linkType: hard

"@types/lodash.clonedeep@npm:^4.5.9":
  version: 4.5.9
  resolution: "@types/lodash.clonedeep@npm:4.5.9"
  dependencies:
    "@types/lodash": "npm:*"
  checksum: 10c0/2f224ce9578046bccd1cd9594fb73540600ebd3d59a45695166a6123e2c376b84ab106b005a00453f357907f25bc8bfd2271b822be76e8f5527eadb4690b5e96
  languageName: node
  linkType: hard

"@types/lodash.clonedeepwith@npm:^4.5.9":
  version: 4.5.9
  resolution: "@types/lodash.clonedeepwith@npm:4.5.9"
  dependencies:
    "@types/lodash": "npm:*"
  checksum: 10c0/64077f4a77ab80918404af74a9186bf943a4b39589bb48f4ad09603625c2ac0df1641bf66a3254d5731a86259ba2bf6154c20ce136fd470ee4e59cee14a84abc
  languageName: node
  linkType: hard

"@types/lodash.isempty@npm:^4.4.9":
  version: 4.4.9
  resolution: "@types/lodash.isempty@npm:4.4.9"
  dependencies:
    "@types/lodash": "npm:*"
  checksum: 10c0/581b3b1e896524b00cb32dc08f1aea328cec0ab95720f24e0f6d9e8a2c9be5b65e4ad030ec45f58f656ab8dcf555f039863862e04c91051a24ee27cac8a994ab
  languageName: node
  linkType: hard

"@types/lodash.sortby@npm:^4.7.9":
  version: 4.7.9
  resolution: "@types/lodash.sortby@npm:4.7.9"
  dependencies:
    "@types/lodash": "npm:*"
  checksum: 10c0/682547c7bb210db87ebc172a95c71c3d35d89e87f4eb959c28772b8d80c767bd8cb95ac48390302ac649b3e6450e26c1512818d2d0f0749393c49b5dcbf437c3
  languageName: node
  linkType: hard

"@types/lodash.uniq@npm:^4.5.9":
  version: 4.5.9
  resolution: "@types/lodash.uniq@npm:4.5.9"
  dependencies:
    "@types/lodash": "npm:*"
  checksum: 10c0/feb01dfd7b6e3d2b4d29bdb0d00cce8ffa685f1c219b34ae531f098811faab11696b7bdfc3654edcf65f6180ad0cda6471cec7da8a9e7688f294b5c8177cfea7
  languageName: node
  linkType: hard

"@types/lodash.uniqwith@npm:^4.5.9":
  version: 4.5.9
  resolution: "@types/lodash.uniqwith@npm:4.5.9"
  dependencies:
    "@types/lodash": "npm:*"
  checksum: 10c0/0e6e917d02458c487ad28b3e6c6c358d3b091086c29bbee4d7f0318702727ba9691bf745e2bfa3847c99d4e1f4e74a850de081b4c68e593cca79e10eb3c68dfe
  languageName: node
  linkType: hard

"@types/lodash@npm:*":
  version: 4.17.9
  resolution: "@types/lodash@npm:4.17.9"
  checksum: 10c0/54de935e835508b5f835a5dfaedd2b9a299685a21d11e9c5cd2dde57331d03bc2f98b71d2424ca8460f447ecd55a673e45ccdb70e58f9f72745710f6b91abc60
  languageName: node
  linkType: hard

"@types/luxon@npm:^3.4.2":
  version: 3.4.2
  resolution: "@types/luxon@npm:3.4.2"
  checksum: 10c0/d835467de3daf7e17ba78b50bb5a14efd94272439ca067990d71332a54b311544459c69623eddd243b511b28d70194c9591a9ee8cf9c038962c965f991affd7e
  languageName: node
  linkType: hard

"@types/node@npm:*, @types/node@npm:^22.6.1":
  version: 22.6.1
  resolution: "@types/node@npm:22.6.1"
  dependencies:
    undici-types: "npm:~6.19.2"
  checksum: 10c0/79fdb14f268070eb21d25f3e81811b73c10dfcc65a638a6546fd97aa3e7dfe473f31a547fd21c43b8559a435b6ab26057066a47b5453bd1b1cdffe14430ac399
  languageName: node
  linkType: hard

"@types/pg@npm:^8.11.10":
  version: 8.11.10
  resolution: "@types/pg@npm:8.11.10"
  dependencies:
    "@types/node": "npm:*"
    pg-protocol: "npm:*"
    pg-types: "npm:^4.0.1"
  checksum: 10c0/c8800d0ab2c6424308e6c6b40c73f19583ee1aed758462bd07694844b0a551b5841442205a4ee05207b80109ba502f33f20241b1bd9b4902e713611fb9e08f6c
  languageName: node
  linkType: hard

"@types/pluralize@npm:^0.0.33":
  version: 0.0.33
  resolution: "@types/pluralize@npm:0.0.33"
  checksum: 10c0/24899caf85b79dd291a6b6e9b9f3b67b452b18d578d0ac0d531a705bf5ee0361d9386ea1f8532c64de9e22c6e9606c5497787bb5e31bd299c487980436c59785
  languageName: node
  linkType: hard

"acorn-walk@npm:^8.1.1":
  version: 8.2.0
  resolution: "acorn-walk@npm:8.2.0"
  checksum: 10c0/dbe92f5b2452c93e960c5594e666dd1fae141b965ff2cb4a1e1d0381e3e4db4274c5ce4ffa3d681a86ca2a8d4e29d5efc0670a08e23fd2800051ea387df56ca2
  languageName: node
  linkType: hard

"acorn@npm:^8.4.1":
  version: 8.8.2
  resolution: "acorn@npm:8.8.2"
  bin:
    acorn: bin/acorn
  checksum: 10c0/b5c54e736af5ed753911c6752fafd02d0a74cf4d55be606bd81fe71faba4f986dc090952329931ac2aba165803fd0005c59eeef08f9c6c689e8dc420031f3df0
  languageName: node
  linkType: hard

"ansi-regex@npm:^6.0.1":
  version: 6.0.1
  resolution: "ansi-regex@npm:6.0.1"
  checksum: 10c0/cbe16dbd2c6b2735d1df7976a7070dd277326434f0212f43abf6d87674095d247968209babdaad31bb00882fa68807256ba9be340eec2f1004de14ca75f52a08
  languageName: node
  linkType: hard

"ansi-styles@npm:^3.2.1":
  version: 3.2.1
  resolution: "ansi-styles@npm:3.2.1"
  dependencies:
    color-convert: "npm:^1.9.0"
  checksum: 10c0/ece5a8ef069fcc5298f67e3f4771a663129abd174ea2dfa87923a2be2abf6cd367ef72ac87942da00ce85bd1d651d4cd8595aebdb1b385889b89b205860e977b
  languageName: node
  linkType: hard

"ansi-styles@npm:^4.1.0":
  version: 4.3.0
  resolution: "ansi-styles@npm:4.3.0"
  dependencies:
    color-convert: "npm:^2.0.1"
  checksum: 10c0/895a23929da416f2bd3de7e9cb4eabd340949328ab85ddd6e484a637d8f6820d485f53933446f5291c3b760cbc488beb8e88573dd0f9c7daf83dccc8fe81b041
  languageName: node
  linkType: hard

"arg@npm:^4.1.0":
  version: 4.1.3
  resolution: "arg@npm:4.1.3"
  checksum: 10c0/070ff801a9d236a6caa647507bdcc7034530604844d64408149a26b9e87c2f97650055c0f049abd1efc024b334635c01f29e0b632b371ac3f26130f4cf65997a
  languageName: node
  linkType: hard

"balanced-match@npm:^1.0.0":
  version: 1.0.2
  resolution: "balanced-match@npm:1.0.2"
  checksum: 10c0/9308baf0a7e4838a82bbfd11e01b1cb0f0cf2893bc1676c27c2a8c0e70cbae1c59120c3268517a8ae7fb6376b4639ef81ca22582611dbee4ed28df945134aaee
  languageName: node
  linkType: hard

"base64-js@npm:^1.3.1":
  version: 1.5.1
  resolution: "base64-js@npm:1.5.1"
  checksum: 10c0/f23823513b63173a001030fae4f2dabe283b99a9d324ade3ad3d148e218134676f1ee8568c877cd79ec1c53158dcf2d2ba527a97c606618928ba99dd930102bf
  languageName: node
  linkType: hard

"bl@npm:^5.0.0":
  version: 5.1.0
  resolution: "bl@npm:5.1.0"
  dependencies:
    buffer: "npm:^6.0.3"
    inherits: "npm:^2.0.4"
    readable-stream: "npm:^3.4.0"
  checksum: 10c0/528a9c3d7d6b87af98c46f10a887654d027c28c503c7f7de87440e643f0056d7a2319a967762b8ec18150c64799d2825a277147a752a0570a7407c0b705b0d01
  languageName: node
  linkType: hard

"brace-expansion@npm:^1.1.7":
  version: 1.1.11
  resolution: "brace-expansion@npm:1.1.11"
  dependencies:
    balanced-match: "npm:^1.0.0"
    concat-map: "npm:0.0.1"
  checksum: 10c0/695a56cd058096a7cb71fb09d9d6a7070113c7be516699ed361317aca2ec169f618e28b8af352e02ab4233fb54eb0168460a40dc320bab0034b36ab59aaad668
  languageName: node
  linkType: hard

"braces@npm:^3.0.3":
  version: 3.0.3
  resolution: "braces@npm:3.0.3"
  dependencies:
    fill-range: "npm:^7.1.1"
  checksum: 10c0/7c6dfd30c338d2997ba77500539227b9d1f85e388a5f43220865201e407e076783d0881f2d297b9f80951b4c957fcf0b51c1d2d24227631643c3f7c284b0aa04
  languageName: node
  linkType: hard

"buffer@npm:^6.0.3":
  version: 6.0.3
  resolution: "buffer@npm:6.0.3"
  dependencies:
    base64-js: "npm:^1.3.1"
    ieee754: "npm:^1.2.1"
  checksum: 10c0/2a905fbbcde73cc5d8bd18d1caa23715d5f83a5935867c2329f0ac06104204ba7947be098fe1317fbd8830e26090ff8e764f08cd14fefc977bb248c3487bcbd0
  languageName: node
  linkType: hard

"chalk@npm:4.1.2":
  version: 4.1.2
  resolution: "chalk@npm:4.1.2"
  dependencies:
    ansi-styles: "npm:^4.1.0"
    supports-color: "npm:^7.1.0"
  checksum: 10c0/4a3fef5cc34975c898ffe77141450f679721df9dde00f6c304353fa9c8b571929123b26a0e4617bde5018977eb655b31970c297b91b63ee83bb82aeb04666880
  languageName: node
  linkType: hard

"chalk@npm:^2.3.2":
  version: 2.4.2
  resolution: "chalk@npm:2.4.2"
  dependencies:
    ansi-styles: "npm:^3.2.1"
    escape-string-regexp: "npm:^1.0.5"
    supports-color: "npm:^5.3.0"
  checksum: 10c0/e6543f02ec877732e3a2d1c3c3323ddb4d39fbab687c23f526e25bd4c6a9bf3b83a696e8c769d078e04e5754921648f7821b2a2acfd16c550435fd630026e073
  languageName: node
  linkType: hard

"chalk@npm:^5.0.0":
  version: 5.2.0
  resolution: "chalk@npm:5.2.0"
  checksum: 10c0/8a519b35c239f96e041b7f1ed8fdd79d3ca2332a8366cb957378b8a1b8a4cdfb740d19628e8bf74654d4c0917aa10cf39c20752e177a1304eac29a1168a740e9
  languageName: node
  linkType: hard

"cli-cursor@npm:^4.0.0":
  version: 4.0.0
  resolution: "cli-cursor@npm:4.0.0"
  dependencies:
    restore-cursor: "npm:^4.0.0"
  checksum: 10c0/e776e8c3c6727300d0539b0d25160b2bb56aed1a63942753ba1826b012f337a6f4b7ace3548402e4f2f13b5e16bfd751be672c44b203205e7eca8be94afec42c
  languageName: node
  linkType: hard

"cli-spinners@npm:^2.6.1":
  version: 2.8.0
  resolution: "cli-spinners@npm:2.8.0"
  checksum: 10c0/b4c4ec516e9367d1cdcead1b390e303251fc78e5035a7854164305493f8face4481a54a352d06a60f3ce4065e5f2808935c68df19e23cb5440d520daa330540b
  languageName: node
  linkType: hard

"clone@npm:^1.0.2":
  version: 1.0.4
  resolution: "clone@npm:1.0.4"
  checksum: 10c0/2176952b3649293473999a95d7bebfc9dc96410f6cbd3d2595cf12fd401f63a4bf41a7adbfd3ab2ff09ed60cb9870c58c6acdd18b87767366fabfc163700f13b
  languageName: node
  linkType: hard

"color-convert@npm:^1.9.0":
  version: 1.9.3
  resolution: "color-convert@npm:1.9.3"
  dependencies:
    color-name: "npm:1.1.3"
  checksum: 10c0/5ad3c534949a8c68fca8fbc6f09068f435f0ad290ab8b2f76841b9e6af7e0bb57b98cb05b0e19fe33f5d91e5a8611ad457e5f69e0a484caad1f7487fd0e8253c
  languageName: node
  linkType: hard

"color-convert@npm:^2.0.1":
  version: 2.0.1
  resolution: "color-convert@npm:2.0.1"
  dependencies:
    color-name: "npm:~1.1.4"
  checksum: 10c0/37e1150172f2e311fe1b2df62c6293a342ee7380da7b9cfdba67ea539909afbd74da27033208d01d6d5cfc65ee7868a22e18d7e7648e004425441c0f8a15a7d7
  languageName: node
  linkType: hard

"color-name@npm:1.1.3":
  version: 1.1.3
  resolution: "color-name@npm:1.1.3"
  checksum: 10c0/566a3d42cca25b9b3cd5528cd7754b8e89c0eb646b7f214e8e2eaddb69994ac5f0557d9c175eb5d8f0ad73531140d9c47525085ee752a91a2ab15ab459caf6d6
  languageName: node
  linkType: hard

"color-name@npm:~1.1.4":
  version: 1.1.4
  resolution: "color-name@npm:1.1.4"
  checksum: 10c0/a1a3f914156960902f46f7f56bc62effc6c94e84b2cae157a526b1c1f74b677a47ec602bf68a61abfa2b42d15b7c5651c6dbe72a43af720bc588dff885b10f95
  languageName: node
  linkType: hard

"colorette@npm:^2.0.20":
  version: 2.0.20
  resolution: "colorette@npm:2.0.20"
  checksum: 10c0/e94116ff33b0ff56f3b83b9ace895e5bf87c2a7a47b3401b8c3f3226e050d5ef76cf4072fb3325f9dc24d1698f9b730baf4e05eeaf861d74a1883073f4c98a40
  languageName: node
  linkType: hard

"commander@npm:^10.0.1":
  version: 10.0.1
  resolution: "commander@npm:10.0.1"
  checksum: 10c0/53f33d8927758a911094adadda4b2cbac111a5b377d8706700587650fd8f45b0bbe336de4b5c3fe47fd61f420a3d9bd452b6e0e6e5600a7e74d7bf0174f6efe3
  languageName: node
  linkType: hard

"commander@npm:^12.1.0":
  version: 12.1.0
  resolution: "commander@npm:12.1.0"
  checksum: 10c0/6e1996680c083b3b897bfc1cfe1c58dfbcd9842fd43e1aaf8a795fbc237f65efcc860a3ef457b318e73f29a4f4a28f6403c3d653d021d960e4632dd45bde54a9
  languageName: node
  linkType: hard

"concat-map@npm:0.0.1":
  version: 0.0.1
  resolution: "concat-map@npm:0.0.1"
  checksum: 10c0/c996b1cfdf95b6c90fee4dae37e332c8b6eb7d106430c17d538034c0ad9a1630cb194d2ab37293b1bdd4d779494beee7786d586a50bd9376fd6f7bcc2bd4c98f
  languageName: node
  linkType: hard

"create-require@npm:^1.1.0":
  version: 1.1.1
  resolution: "create-require@npm:1.1.1"
  checksum: 10c0/157cbc59b2430ae9a90034a5f3a1b398b6738bf510f713edc4d4e45e169bc514d3d99dd34d8d01ca7ae7830b5b8b537e46ae8f3c8f932371b0875c0151d7ec91
  languageName: node
  linkType: hard

"defaults@npm:^1.0.3":
  version: 1.0.4
  resolution: "defaults@npm:1.0.4"
  dependencies:
    clone: "npm:^1.0.2"
  checksum: 10c0/9cfbe498f5c8ed733775db62dfd585780387d93c17477949e1670bfcfb9346e0281ce8c4bf9f4ac1fc0f9b851113bd6dc9e41182ea1644ccd97de639fa13c35a
  languageName: node
  linkType: hard

"diff@npm:^3.5.0":
  version: 3.5.0
  resolution: "diff@npm:3.5.0"
  checksum: 10c0/fc62d5ba9f6d1b8b5833380969037007913d4886997838c247c54ec6934f09ae5a07e17ae28b1f016018149d81df8ad89306f52eac1afa899e0bed49015a64d1
  languageName: node
  linkType: hard

"diff@npm:^4.0.1":
  version: 4.0.2
  resolution: "diff@npm:4.0.2"
  checksum: 10c0/81b91f9d39c4eaca068eb0c1eb0e4afbdc5bb2941d197f513dd596b820b956fef43485876226d65d497bebc15666aa2aa82c679e84f65d5f2bfbf14ee46e32c1
  languageName: node
  linkType: hard

"dotenv-expand@npm:^11.0.6":
  version: 11.0.6
  resolution: "dotenv-expand@npm:11.0.6"
  dependencies:
    dotenv: "npm:^16.4.4"
  checksum: 10c0/e22891ec72cb926d46d9a26290ef77f9cc9ddcba92d2f83d5e6f3a803d1590887be68e25b559415d080053000441b6f63f5b36093a565bb8c5c994b992ae49f2
  languageName: node
  linkType: hard

"dotenv@npm:^16.4.4, dotenv@npm:^16.4.5":
  version: 16.4.5
  resolution: "dotenv@npm:16.4.5"
  checksum: 10c0/48d92870076832af0418b13acd6e5a5a3e83bb00df690d9812e94b24aff62b88ade955ac99a05501305b8dc8f1b0ee7638b18493deb6fe93d680e5220936292f
  languageName: node
  linkType: hard

"escape-string-regexp@npm:^1.0.5":
  version: 1.0.5
  resolution: "escape-string-regexp@npm:1.0.5"
  checksum: 10c0/a968ad453dd0c2724e14a4f20e177aaf32bb384ab41b674a8454afe9a41c5e6fe8903323e0a1052f56289d04bd600f81278edf140b0fcc02f5cac98d0f5b5371
  languageName: node
  linkType: hard

"fill-range@npm:^7.1.1":
  version: 7.1.1
  resolution: "fill-range@npm:7.1.1"
  dependencies:
    to-regex-range: "npm:^5.0.1"
  checksum: 10c0/b75b691bbe065472f38824f694c2f7449d7f5004aa950426a2c28f0306c60db9b880c0b0e4ed819997ffb882d1da02cfcfc819bddc94d71627f5269682edf018
  languageName: node
  linkType: hard

"fs.realpath@npm:^1.0.0":
  version: 1.0.0
  resolution: "fs.realpath@npm:1.0.0"
  checksum: 10c0/444cf1291d997165dfd4c0d58b69f0e4782bfd9149fd72faa4fe299e68e0e93d6db941660b37dd29153bf7186672ececa3b50b7e7249477b03fdf850f287c948
  languageName: node
  linkType: hard

"function-bind@npm:^1.1.2":
  version: 1.1.2
  resolution: "function-bind@npm:1.1.2"
  checksum: 10c0/d8680ee1e5fcd4c197e4ac33b2b4dce03c71f4d91717292785703db200f5c21f977c568d28061226f9b5900cbcd2c84463646134fd5337e7925e0942bc3f46d5
  languageName: node
  linkType: hard

"git-diff@npm:^2.0.6":
  version: 2.0.6
  resolution: "git-diff@npm:2.0.6"
  dependencies:
    chalk: "npm:^2.3.2"
    diff: "npm:^3.5.0"
    loglevel: "npm:^1.6.1"
    shelljs: "npm:^0.8.1"
    shelljs.exec: "npm:^1.1.7"
  checksum: 10c0/f79aa9016b60598fb458ef8878ee32ffe7aa77c0a3d4291df4e1304152e566b5ce53f1dc867f1aa7421a2df1735731441a119597e54664d57302f2d69d0a8d6a
  languageName: node
  linkType: hard

"glob@npm:^7.0.0":
  version: 7.2.3
  resolution: "glob@npm:7.2.3"
  dependencies:
    fs.realpath: "npm:^1.0.0"
    inflight: "npm:^1.0.4"
    inherits: "npm:2"
    minimatch: "npm:^3.1.1"
    once: "npm:^1.3.0"
    path-is-absolute: "npm:^1.0.0"
  checksum: 10c0/65676153e2b0c9095100fe7f25a778bf45608eeb32c6048cf307f579649bcc30353277b3b898a3792602c65764e5baa4f643714dfbdfd64ea271d210c7a425fe
  languageName: node
  linkType: hard

"has-flag@npm:^3.0.0":
  version: 3.0.0
  resolution: "has-flag@npm:3.0.0"
  checksum: 10c0/1c6c83b14b8b1b3c25b0727b8ba3e3b647f99e9e6e13eb7322107261de07a4c1be56fc0d45678fc376e09772a3a1642ccdaf8fc69bdf123b6c086598397ce473
  languageName: node
  linkType: hard

"has-flag@npm:^4.0.0":
  version: 4.0.0
  resolution: "has-flag@npm:4.0.0"
  checksum: 10c0/2e789c61b7888d66993e14e8331449e525ef42aac53c627cc53d1c3334e768bcb6abdc4f5f0de1478a25beec6f0bd62c7549058b7ac53e924040d4f301f02fd1
  languageName: node
  linkType: hard

"hasown@npm:^2.0.2":
  version: 2.0.2
  resolution: "hasown@npm:2.0.2"
  dependencies:
    function-bind: "npm:^1.1.2"
  checksum: 10c0/3769d434703b8ac66b209a4cca0737519925bbdb61dd887f93a16372b14694c63ff4e797686d87c90f08168e81082248b9b028bad60d4da9e0d1148766f56eb9
  languageName: node
  linkType: hard

"ieee754@npm:^1.2.1":
  version: 1.2.1
  resolution: "ieee754@npm:1.2.1"
  checksum: 10c0/b0782ef5e0935b9f12883a2e2aa37baa75da6e66ce6515c168697b42160807d9330de9a32ec1ed73149aea02e0d822e572bca6f1e22bdcbd2149e13b050b17bb
  languageName: node
  linkType: hard

"inflight@npm:^1.0.4":
  version: 1.0.6
  resolution: "inflight@npm:1.0.6"
  dependencies:
    once: "npm:^1.3.0"
    wrappy: "npm:1"
  checksum: 10c0/7faca22584600a9dc5b9fca2cd5feb7135ac8c935449837b315676b4c90aa4f391ec4f42240178244b5a34e8bede1948627fda392ca3191522fc46b34e985ab2
  languageName: node
  linkType: hard

"inherits@npm:2, inherits@npm:^2.0.3, inherits@npm:^2.0.4":
  version: 2.0.4
  resolution: "inherits@npm:2.0.4"
  checksum: 10c0/4e531f648b29039fb7426fb94075e6545faa1eb9fe83c29f0b6d9e7263aceb4289d2d4557db0d428188eeb449cc7c5e77b0a0b2c4e248ff2a65933a0dee49ef2
  languageName: node
  linkType: hard

"interpret@npm:^1.0.0":
  version: 1.4.0
  resolution: "interpret@npm:1.4.0"
  checksum: 10c0/08c5ad30032edeec638485bc3f6db7d0094d9b3e85e0f950866600af3c52e9fd69715416d29564731c479d9f4d43ff3e4d302a178196bdc0e6837ec147640450
  languageName: node
  linkType: hard

"is-core-module@npm:^2.13.0":
  version: 2.15.1
  resolution: "is-core-module@npm:2.15.1"
  dependencies:
    hasown: "npm:^2.0.2"
  checksum: 10c0/53432f10c69c40bfd2fa8914133a68709ff9498c86c3bf5fca3cdf3145a56fd2168cbf4a43b29843a6202a120a5f9c5ffba0a4322e1e3441739bc0b641682612
  languageName: node
  linkType: hard

"is-interactive@npm:^2.0.0":
  version: 2.0.0
  resolution: "is-interactive@npm:2.0.0"
  checksum: 10c0/801c8f6064f85199dc6bf99b5dd98db3282e930c3bc197b32f2c5b89313bb578a07d1b8a01365c4348c2927229234f3681eb861b9c2c92bee72ff397390fa600
  languageName: node
  linkType: hard

"is-number@npm:^7.0.0":
  version: 7.0.0
  resolution: "is-number@npm:7.0.0"
  checksum: 10c0/b4686d0d3053146095ccd45346461bc8e53b80aeb7671cc52a4de02dbbf7dc0d1d2a986e2fe4ae206984b4d34ef37e8b795ebc4f4295c978373e6575e295d811
  languageName: node
  linkType: hard

"is-unicode-supported@npm:^1.1.0":
  version: 1.3.0
  resolution: "is-unicode-supported@npm:1.3.0"
  checksum: 10c0/b8674ea95d869f6faabddc6a484767207058b91aea0250803cbf1221345cb0c56f466d4ecea375dc77f6633d248d33c47bd296fb8f4cdba0b4edba8917e83d8a
  languageName: node
  linkType: hard

"kysely-codegen@npm:^0.16.8":
  version: 0.16.8
  resolution: "kysely-codegen@npm:0.16.8"
  dependencies:
    chalk: "npm:4.1.2"
    dotenv: "npm:^16.4.5"
    dotenv-expand: "npm:^11.0.6"
    git-diff: "npm:^2.0.6"
    micromatch: "npm:^4.0.8"
    minimist: "npm:^1.2.8"
    pluralize: "npm:^8.0.0"
  peerDependencies:
    "@libsql/kysely-libsql": ^0.3.0
    "@tediousjs/connection-string": ^0.5.0
    better-sqlite3: ">=7.6.2"
    kysely: ^0.27.0
    kysely-bun-sqlite: ^0.3.2
    kysely-bun-worker: ^0.5.3
    mysql2: ^2.3.3 || ^3.0.0
    pg: ^8.8.0
    tarn: ^3.0.0
    tedious: ^18.0.0
  peerDependenciesMeta:
    "@libsql/kysely-libsql":
      optional: true
    "@tediousjs/connection-string":
      optional: true
    better-sqlite3:
      optional: true
    kysely:
      optional: false
    kysely-bun-sqlite:
      optional: true
    kysely-bun-worker:
      optional: true
    mysql2:
      optional: true
    pg:
      optional: true
    tarn:
      optional: true
    tedious:
      optional: true
  bin:
    kysely-codegen: dist/cli/bin.js
  checksum: 10c0/617ad8db6ecb62f447201790f409d6d4f4f65a54fad90d6afb8bd763adea7e1a011b0ba0cfeb4dc7fd774823a6016af25a9bc8b9a61f30a93bf469991f372b33
  languageName: node
  linkType: hard

"kysely@npm:^0.27.4":
  version: 0.27.4
  resolution: "kysely@npm:0.27.4"
  checksum: 10c0/05d223dca3f69778e28511d30cfff485e8e035a43fb01b24f1624b87f850cd6f87e33dcc04e752f7454ac8aed2743d982dabe3be6bc402c63568d020d5b0dd1d
  languageName: node
  linkType: hard

"lodash.clonedeep@npm:^4.5.0":
  version: 4.5.0
  resolution: "lodash.clonedeep@npm:4.5.0"
  checksum: 10c0/2caf0e4808f319d761d2939ee0642fa6867a4bbf2cfce43276698828380756b99d4c4fa226d881655e6ac298dd453fe12a5ec8ba49861777759494c534936985
  languageName: node
  linkType: hard

"lodash.clonedeepwith@npm:^4.5.0":
  version: 4.5.0
  resolution: "lodash.clonedeepwith@npm:4.5.0"
  checksum: 10c0/a7de84be9ad796811e8084deb79ef07f8f87122d87adffcd52ce4e6fa528fbe917f3dc6cc1d556362dc5dfadef68405e54f4b4d3ae72056e32ec5e84492a3fc2
  languageName: node
  linkType: hard

"lodash.isempty@npm:^4.4.0":
  version: 4.4.0
  resolution: "lodash.isempty@npm:4.4.0"
  checksum: 10c0/6c7eaa0802398736809b9e8aed8b8ac1abca9be71788fd719ba9d7f5b4c23e8dc63b7f049df4131713dda30a2fdedc2f655268e9deb8cd5a985dfc934afca194
  languageName: node
  linkType: hard

"lodash.sortby@npm:^4.7.0":
  version: 4.7.0
  resolution: "lodash.sortby@npm:4.7.0"
  checksum: 10c0/fc48fb54ff7669f33bb32997cab9460757ee99fafaf72400b261c3e10fde21538e47d8cfcbe6a25a31bcb5b7b727c27d52626386fc2de24eb059a6d64a89cdf5
  languageName: node
  linkType: hard

"lodash.uniq@npm:^4.5.0":
  version: 4.5.0
  resolution: "lodash.uniq@npm:4.5.0"
  checksum: 10c0/262d400bb0952f112162a320cc4a75dea4f66078b9e7e3075ffbc9c6aa30b3e9df3cf20e7da7d566105e1ccf7804e4fbd7d804eee0b53de05d83f16ffbf41c5e
  languageName: node
  linkType: hard

"lodash.uniqwith@npm:^4.5.0":
  version: 4.5.0
  resolution: "lodash.uniqwith@npm:4.5.0"
  checksum: 10c0/3db1748302f5903cd2e4c361eb084bcfc48fe4062e37be4860363a0be643bf6617c1f115d61189b69623056a55acbcd451a52b3042b4864d5acc86a3b0ac83df
  languageName: node
  linkType: hard

"log-symbols@npm:^5.1.0":
  version: 5.1.0
  resolution: "log-symbols@npm:5.1.0"
  dependencies:
    chalk: "npm:^5.0.0"
    is-unicode-supported: "npm:^1.1.0"
  checksum: 10c0/c14f8567c6618a7f96209c4c4b9fb3b794187116904712f7b526e465a5c9535728aec983735a5bef919247d0e54b9b72b6680a7fb9fc72d76b945dac4865e669
  languageName: node
  linkType: hard

"loglevel@npm:^1.6.1":
  version: 1.9.2
  resolution: "loglevel@npm:1.9.2"
  checksum: 10c0/1e317fa4648fe0b4a4cffef6de037340592cee8547b07d4ce97a487abe9153e704b98451100c799b032c72bb89c9366d71c9fb8192ada8703269263ae77acdc7
  languageName: node
  linkType: hard

"luxon@npm:^3.5.0":
  version: 3.5.0
  resolution: "luxon@npm:3.5.0"
  checksum: 10c0/335789bba95077db831ef99894edadeb23023b3eb2137a1b56acd0d290082b691cf793143d69e30bc069ec95f0b49f36419f48e951c68014f19ffe12045e3494
  languageName: node
  linkType: hard

"make-error@npm:^1.1.1":
  version: 1.3.6
  resolution: "make-error@npm:1.3.6"
  checksum: 10c0/171e458d86854c6b3fc46610cfacf0b45149ba043782558c6875d9f42f222124384ad0b468c92e996d815a8a2003817a710c0a160e49c1c394626f76fa45396f
  languageName: node
  linkType: hard

"micromatch@npm:^4.0.8":
  version: 4.0.8
  resolution: "micromatch@npm:4.0.8"
  dependencies:
    braces: "npm:^3.0.3"
    picomatch: "npm:^2.3.1"
  checksum: 10c0/166fa6eb926b9553f32ef81f5f531d27b4ce7da60e5baf8c021d043b27a388fb95e46a8038d5045877881e673f8134122b59624d5cecbd16eb50a42e7a6b5ca8
  languageName: node
  linkType: hard

"mimic-fn@npm:^2.1.0":
  version: 2.1.0
  resolution: "mimic-fn@npm:2.1.0"
  checksum: 10c0/b26f5479d7ec6cc2bce275a08f146cf78f5e7b661b18114e2506dd91ec7ec47e7a25bf4360e5438094db0560bcc868079fb3b1fb3892b833c1ecbf63f80c95a4
  languageName: node
  linkType: hard

"minimatch@npm:^3.1.1":
  version: 3.1.2
  resolution: "minimatch@npm:3.1.2"
  dependencies:
    brace-expansion: "npm:^1.1.7"
  checksum: 10c0/0262810a8fc2e72cca45d6fd86bd349eee435eb95ac6aa45c9ea2180e7ee875ef44c32b55b5973ceabe95ea12682f6e3725cbb63d7a2d1da3ae1163c8b210311
  languageName: node
  linkType: hard

"minimist@npm:^1.2.8":
  version: 1.2.8
  resolution: "minimist@npm:1.2.8"
  checksum: 10c0/19d3fcdca050087b84c2029841a093691a91259a47def2f18222f41e7645a0b7c44ef4b40e88a1e58a40c84d2ef0ee6047c55594d298146d0eb3f6b737c20ce6
  languageName: node
  linkType: hard

"obuf@npm:~1.1.2":
  version: 1.1.2
  resolution: "obuf@npm:1.1.2"
  checksum: 10c0/520aaac7ea701618eacf000fc96ae458e20e13b0569845800fc582f81b386731ab22d55354b4915d58171db00e79cfcd09c1638c02f89577ef092b38c65b7d81
  languageName: node
  linkType: hard

"once@npm:^1.3.0":
  version: 1.4.0
  resolution: "once@npm:1.4.0"
  dependencies:
    wrappy: "npm:1"
  checksum: 10c0/5d48aca287dfefabd756621c5dfce5c91a549a93e9fdb7b8246bc4c4790aa2ec17b34a260530474635147aeb631a2dcc8b32c613df0675f96041cbb8244517d0
  languageName: node
  linkType: hard

"onetime@npm:^5.1.0":
  version: 5.1.2
  resolution: "onetime@npm:5.1.2"
  dependencies:
    mimic-fn: "npm:^2.1.0"
  checksum: 10c0/ffcef6fbb2692c3c40749f31ea2e22677a876daea92959b8a80b521d95cca7a668c884d8b2045d1d8ee7d56796aa405c405462af112a1477594cc63531baeb8f
  languageName: node
  linkType: hard

"ora@npm:^6.3.0":
  version: 6.3.0
  resolution: "ora@npm:6.3.0"
  dependencies:
    chalk: "npm:^5.0.0"
    cli-cursor: "npm:^4.0.0"
    cli-spinners: "npm:^2.6.1"
    is-interactive: "npm:^2.0.0"
    is-unicode-supported: "npm:^1.1.0"
    log-symbols: "npm:^5.1.0"
    stdin-discarder: "npm:^0.1.0"
    strip-ansi: "npm:^7.0.1"
    wcwidth: "npm:^1.0.1"
  checksum: 10c0/527825e0ddb92f6ad98dcf58b00b57a0ce5234b8cd6ff777f020aad860c37bfc1e46ee3215d9fba710f6d4684ed0165d18e90b4e7a7ab3a507235b6929dae5b0
  languageName: node
  linkType: hard

"path-is-absolute@npm:^1.0.0":
  version: 1.0.1
  resolution: "path-is-absolute@npm:1.0.1"
  checksum: 10c0/127da03c82172a2a50099cddbf02510c1791fc2cc5f7713ddb613a56838db1e8168b121a920079d052e0936c23005562059756d653b7c544c53185efe53be078
  languageName: node
  linkType: hard

"path-parse@npm:^1.0.7":
  version: 1.0.7
  resolution: "path-parse@npm:1.0.7"
  checksum: 10c0/11ce261f9d294cc7a58d6a574b7f1b935842355ec66fba3c3fd79e0f036462eaf07d0aa95bb74ff432f9afef97ce1926c720988c6a7451d8a584930ae7de86e1
  languageName: node
  linkType: hard

"pg-cloudflare@npm:^1.1.1":
  version: 1.1.1
  resolution: "pg-cloudflare@npm:1.1.1"
  checksum: 10c0/a68b957f755be6af813d68ccaf4c906a000fd2ecb362cd281220052cc9e2f6c26da3b88792742387008c30b3bf0d2fa3a0eff04aeb8af4414023c99ae78e07bd
  languageName: node
  linkType: hard

"pg-connection-string@npm:^2.7.0":
  version: 2.7.0
  resolution: "pg-connection-string@npm:2.7.0"
  checksum: 10c0/50a1496a1c858f9495d78a2c7a66d93ef3602e718aff2953bb5738f3ea616d7f727f32fc20513c9bed127650cd14c1ddc7b458396f4000e689d4b64c65c5c51e
  languageName: node
  linkType: hard

"pg-int8@npm:1.0.1":
  version: 1.0.1
  resolution: "pg-int8@npm:1.0.1"
  checksum: 10c0/be6a02d851fc2a4ae3e9de81710d861de3ba35ac927268973eb3cb618873a05b9424656df464dd43bd7dc3fc5295c3f5b3c8349494f87c7af50ec59ef14e0b98
  languageName: node
  linkType: hard

"pg-numeric@npm:1.0.2":
  version: 1.0.2
  resolution: "pg-numeric@npm:1.0.2"
  checksum: 10c0/43dd9884e7b52c79ddc28d2d282d7475fce8bba13452d33c04ceb2e0a65f561edf6699694e8e1c832ff9093770496363183c950dd29608e1bdd98f344b25bca9
  languageName: node
  linkType: hard

"pg-pool@npm:^3.7.0":
  version: 3.7.0
  resolution: "pg-pool@npm:3.7.0"
  peerDependencies:
    pg: ">=8.0"
  checksum: 10c0/9128673cf941f288c0cb1a74ca959a9b4f6075ef73b2cc7dece5d4db3dd7043784869e7c12bce2e69ca0df22132a419cc45c2050b4373632856fe8bae9eb94b5
  languageName: node
  linkType: hard

"pg-protocol@npm:*, pg-protocol@npm:^1.7.0":
  version: 1.7.0
  resolution: "pg-protocol@npm:1.7.0"
  checksum: 10c0/c4af854d9b843c808231c0040fed89f2b9101006157df8da2bb2f62a7dde702de748d852228dc22df41cc7ffddfb526af3bcb34b278b581e9f76a060789186c1
  languageName: node
  linkType: hard

"pg-types@npm:^2.1.0":
  version: 2.2.0
  resolution: "pg-types@npm:2.2.0"
  dependencies:
    pg-int8: "npm:1.0.1"
    postgres-array: "npm:~2.0.0"
    postgres-bytea: "npm:~1.0.0"
    postgres-date: "npm:~1.0.4"
    postgres-interval: "npm:^1.1.0"
  checksum: 10c0/ab3f8069a323f601cd2d2279ca8c425447dab3f9b61d933b0601d7ffc00d6200df25e26a4290b2b0783b59278198f7dd2ed03e94c4875797919605116a577c65
  languageName: node
  linkType: hard

"pg-types@npm:^4.0.1":
  version: 4.0.2
  resolution: "pg-types@npm:4.0.2"
  dependencies:
    pg-int8: "npm:1.0.1"
    pg-numeric: "npm:1.0.2"
    postgres-array: "npm:~3.0.1"
    postgres-bytea: "npm:~3.0.0"
    postgres-date: "npm:~2.1.0"
    postgres-interval: "npm:^3.0.0"
    postgres-range: "npm:^1.1.1"
  checksum: 10c0/780fccda2f3fa2a34e85a72e8e7dadb7d88fbe71ce88f126cb3313f333ad836d02488ec4ff3d94d0c1e5846f735d6e6c6281f8059e6b8919d2180429acaec3e2
  languageName: node
  linkType: hard

"pg@npm:^8.13.0":
  version: 8.13.0
  resolution: "pg@npm:8.13.0"
  dependencies:
    pg-cloudflare: "npm:^1.1.1"
    pg-connection-string: "npm:^2.7.0"
    pg-pool: "npm:^3.7.0"
    pg-protocol: "npm:^1.7.0"
    pg-types: "npm:^2.1.0"
    pgpass: "npm:1.x"
  peerDependencies:
    pg-native: ">=3.0.1"
  dependenciesMeta:
    pg-cloudflare:
      optional: true
  peerDependenciesMeta:
    pg-native:
      optional: true
  checksum: 10c0/1521189063d2293d62f3fac61e797a3096a62a69668c223827d00b83c17a320805f31f0b5316feb80f8d9eed0c6c32f95146d8aca866af05816a66fd2ba8e32a
  languageName: node
  linkType: hard

"pgpass@npm:1.x":
  version: 1.0.5
  resolution: "pgpass@npm:1.0.5"
  dependencies:
    split2: "npm:^4.1.0"
  checksum: 10c0/5ea6c9b2de04c33abb08d33a2dded303c4a3c7162a9264519cbe85c0a9857d712463140ba42fad0c7cd4b21f644dd870b45bb2e02fcbe505b4de0744fd802c1d
  languageName: node
  linkType: hard

"picomatch@npm:^2.3.1":
  version: 2.3.1
  resolution: "picomatch@npm:2.3.1"
  checksum: 10c0/26c02b8d06f03206fc2ab8d16f19960f2ff9e81a658f831ecb656d8f17d9edc799e8364b1f4a7873e89d9702dff96204be0fa26fe4181f6843f040f819dac4be
  languageName: node
  linkType: hard

"pino-std-serializers@npm:^4.0.0":
  version: 4.0.0
  resolution: "pino-std-serializers@npm:4.0.0"
  checksum: 10c0/9e8ccac9ce04a27ccc7aa26481d431b9e037d866b101b89d895c60b925baffb82685e84d5c29b05d8e3d7c146d766a9b08949cb24ab1ec526a16134c9962d649
  languageName: node
  linkType: hard

"pluralize@npm:^8.0.0":
  version: 8.0.0
  resolution: "pluralize@npm:8.0.0"
  checksum: 10c0/2044cfc34b2e8c88b73379ea4a36fc577db04f651c2909041b054c981cd863dd5373ebd030123ab058d194ae615d3a97cfdac653991e499d10caf592e8b3dc33
  languageName: node
  linkType: hard

"postgres-array@npm:~2.0.0":
  version: 2.0.0
  resolution: "postgres-array@npm:2.0.0"
  checksum: 10c0/cbd56207e4141d7fbf08c86f2aebf21fa7064943d3f808ec85f442ff94b48d891e7a144cc02665fb2de5dbcb9b8e3183a2ac749959e794b4a4cfd379d7a21d08
  languageName: node
  linkType: hard

"postgres-array@npm:~3.0.1":
  version: 3.0.2
  resolution: "postgres-array@npm:3.0.2"
  checksum: 10c0/644aa071f67a66a59f641f8e623887d2b915bc102a32643e2aa8b54c11acd343c5ad97831ea444dd37bd4b921ba35add4aa2cb0c6b76700a8252c2324aeba5b4
  languageName: node
  linkType: hard

"postgres-bytea@npm:~1.0.0":
  version: 1.0.0
  resolution: "postgres-bytea@npm:1.0.0"
  checksum: 10c0/febf2364b8a8953695cac159eeb94542ead5886792a9627b97e33f6b5bb6e263bc0706ab47ec221516e79fbd6b2452d668841830fb3b49ec6c0fc29be61892ce
  languageName: node
  linkType: hard

"postgres-bytea@npm:~3.0.0":
  version: 3.0.0
  resolution: "postgres-bytea@npm:3.0.0"
  dependencies:
    obuf: "npm:~1.1.2"
  checksum: 10c0/41c79cc48aa730c5ba3eda6ab989a940034f07a1f57b8f2777dce56f1b8cca16c5870582932b5b10cc605048aef9b6157e06253c871b4717cafc6d00f55376aa
  languageName: node
  linkType: hard

"postgres-date@npm:~1.0.4":
  version: 1.0.7
  resolution: "postgres-date@npm:1.0.7"
  checksum: 10c0/0ff91fccc64003e10b767fcfeefb5eaffbc522c93aa65d5051c49b3c4ce6cb93ab091a7d22877a90ad60b8874202c6f1d0f935f38a7235ed3b258efd54b97ca9
  languageName: node
  linkType: hard

"postgres-date@npm:~2.1.0":
  version: 2.1.0
  resolution: "postgres-date@npm:2.1.0"
  checksum: 10c0/00a7472c10788f6b0d08d24108bf1eb80858de1bd6317740198a564918ea4a69b80c98148167b92ae688abd606483020d0de0dd3a36f3ea9a3e26bbeef3464f4
  languageName: node
  linkType: hard

"postgres-interval@npm:^1.1.0":
  version: 1.2.0
  resolution: "postgres-interval@npm:1.2.0"
  dependencies:
    xtend: "npm:^4.0.0"
  checksum: 10c0/c1734c3cb79e7f22579af0b268a463b1fa1d084e742a02a7a290c4f041e349456f3bee3b4ee0bb3f226828597f7b76deb615c1b857db9a742c45520100456272
  languageName: node
  linkType: hard

"postgres-interval@npm:^3.0.0":
  version: 3.0.0
  resolution: "postgres-interval@npm:3.0.0"
  checksum: 10c0/8b570b30ea37c685e26d136d34460f246f98935a1533defc4b53bb05ee23ae3dc7475b718ec7ea607a57894d8c6b4f1adf67ca9cc83a75bdacffd427d5c68de8
  languageName: node
  linkType: hard

"postgres-range@npm:^1.1.1":
  version: 1.1.4
  resolution: "postgres-range@npm:1.1.4"
  checksum: 10c0/254494ef81df208e0adeae6b66ce394aba37914ea14c7ece55a45fb6691b7db04bee74c825380a47c887a9f87158fd3d86f758f9cc60b76d3a38ce5aca7912e8
  languageName: node
  linkType: hard

"prettier@npm:^2.8.7":
  version: 2.8.7
  resolution: "prettier@npm:2.8.7"
  bin:
    prettier: bin-prettier.js
  checksum: 10c0/84c5b62f7d4909ae5b18b1a4cee67f6a30a548244c8919e67158dee1453f4fa4ff4d291c6f2e41e21d443a0c405f03ec27690502d4ad90c3a7c59bcaf38b51ba
  languageName: node
  linkType: hard

"readable-stream@npm:^3.4.0":
  version: 3.6.2
  resolution: "readable-stream@npm:3.6.2"
  dependencies:
    inherits: "npm:^2.0.3"
    string_decoder: "npm:^1.1.1"
    util-deprecate: "npm:^1.0.1"
  checksum: 10c0/e37be5c79c376fdd088a45fa31ea2e423e5d48854be7a22a58869b4e84d25047b193f6acb54f1012331e1bcd667ffb569c01b99d36b0bd59658fb33f513511b7
  languageName: node
  linkType: hard

"rechoir@npm:^0.6.2":
  version: 0.6.2
  resolution: "rechoir@npm:0.6.2"
  dependencies:
    resolve: "npm:^1.1.6"
  checksum: 10c0/22c4bb32f4934a9468468b608417194f7e3ceba9a508512125b16082c64f161915a28467562368eeb15dc16058eb5b7c13a20b9eb29ff9927d1ebb3b5aa83e84
  languageName: node
  linkType: hard

"resolve@npm:^1.1.6":
  version: 1.22.8
  resolution: "resolve@npm:1.22.8"
  dependencies:
    is-core-module: "npm:^2.13.0"
    path-parse: "npm:^1.0.7"
    supports-preserve-symlinks-flag: "npm:^1.0.0"
  bin:
    resolve: bin/resolve
  checksum: 10c0/07e179f4375e1fd072cfb72ad66d78547f86e6196c4014b31cb0b8bb1db5f7ca871f922d08da0fbc05b94e9fd42206f819648fa3b5b873ebbc8e1dc68fec433a
  languageName: node
  linkType: hard

"resolve@patch:resolve@npm%3A^1.1.6#optional!builtin<compat/resolve>":
  version: 1.22.8
  resolution: "resolve@patch:resolve@npm%3A1.22.8#optional!builtin<compat/resolve>::version=1.22.8&hash=c3c19d"
  dependencies:
    is-core-module: "npm:^2.13.0"
    path-parse: "npm:^1.0.7"
    supports-preserve-symlinks-flag: "npm:^1.0.0"
  bin:
    resolve: bin/resolve
  checksum: 10c0/0446f024439cd2e50c6c8fa8ba77eaa8370b4180f401a96abf3d1ebc770ac51c1955e12764cde449fde3fff480a61f84388e3505ecdbab778f4bef5f8212c729
  languageName: node
  linkType: hard

"restore-cursor@npm:^4.0.0":
  version: 4.0.0
  resolution: "restore-cursor@npm:4.0.0"
  dependencies:
    onetime: "npm:^5.1.0"
    signal-exit: "npm:^3.0.2"
  checksum: 10c0/6f7da8c5e422ac26aa38354870b1afac09963572cf2879443540449068cb43476e9cbccf6f8de3e0171e0d6f7f533c2bc1a0a008003c9a525bbc098e89041318
  languageName: node
  linkType: hard

"safe-buffer@npm:~5.2.0":
  version: 5.2.1
  resolution: "safe-buffer@npm:5.2.1"
  checksum: 10c0/6501914237c0a86e9675d4e51d89ca3c21ffd6a31642efeba25ad65720bce6921c9e7e974e5be91a786b25aa058b5303285d3c15dbabf983a919f5f630d349f3
  languageName: node
  linkType: hard

"shelljs.exec@npm:^1.1.7":
  version: 1.1.8
  resolution: "shelljs.exec@npm:1.1.8"
  checksum: 10c0/8cf51733ccb0d579c781f062c50515d109b298f632edc3c6a9816e11464ba7ff5bf622be5fdd5d0949d8ac5b0b2d846b5a3150fd260802d4d2b961c0a49019cb
  languageName: node
  linkType: hard

"shelljs@npm:^0.8.1":
  version: 0.8.5
  resolution: "shelljs@npm:0.8.5"
  dependencies:
    glob: "npm:^7.0.0"
    interpret: "npm:^1.0.0"
    rechoir: "npm:^0.6.2"
  bin:
    shjs: bin/shjs
  checksum: 10c0/feb25289a12e4bcd04c40ddfab51aff98a3729f5c2602d5b1a1b95f6819ec7804ac8147ebd8d9a85dfab69d501bcf92d7acef03247320f51c1552cec8d8e2382
  languageName: node
  linkType: hard

"signal-exit@npm:^3.0.2":
  version: 3.0.7
  resolution: "signal-exit@npm:3.0.7"
  checksum: 10c0/25d272fa73e146048565e08f3309d5b942c1979a6f4a58a8c59d5fa299728e9c2fcd1a759ec870863b1fd38653670240cd420dad2ad9330c71f36608a6a1c912
  languageName: node
  linkType: hard

"split2@npm:^4.1.0":
  version: 4.2.0
  resolution: "split2@npm:4.2.0"
  checksum: 10c0/b292beb8ce9215f8c642bb68be6249c5a4c7f332fc8ecadae7be5cbdf1ea95addc95f0459ef2e7ad9d45fd1064698a097e4eb211c83e772b49bc0ee423e91534
  languageName: node
  linkType: hard

"stdin-discarder@npm:^0.1.0":
  version: 0.1.0
  resolution: "stdin-discarder@npm:0.1.0"
  dependencies:
    bl: "npm:^5.0.0"
  checksum: 10c0/3bbf7f8107e49c05b4a46bd739afdd34605cf1f06a038c8b2a33d034bf146344fc0ebc5149df1e6422510dd219971a220f25b1102413ef5128fe267683fbef9d
  languageName: node
  linkType: hard

"string_decoder@npm:^1.1.1":
  version: 1.3.0
  resolution: "string_decoder@npm:1.3.0"
  dependencies:
    safe-buffer: "npm:~5.2.0"
  checksum: 10c0/810614ddb030e271cd591935dcd5956b2410dd079d64ff92a1844d6b7588bf992b3e1b69b0f4d34a3e06e0bd73046ac646b5264c1987b20d0601f81ef35d731d
  languageName: node
  linkType: hard

"strip-ansi@npm:^7.0.1":
  version: 7.0.1
  resolution: "strip-ansi@npm:7.0.1"
  dependencies:
    ansi-regex: "npm:^6.0.1"
  checksum: 10c0/a94805f54caefae6cf4870ee6acfe50cff69d90a37994bf02c096042d9939ee211e1568f34b9fa5efa03c7d7fea79cb3ac8a4e517ceb848284ae300da06ca7e9
  languageName: node
  linkType: hard

"supports-color@npm:^5.3.0":
  version: 5.5.0
  resolution: "supports-color@npm:5.5.0"
  dependencies:
    has-flag: "npm:^3.0.0"
  checksum: 10c0/6ae5ff319bfbb021f8a86da8ea1f8db52fac8bd4d499492e30ec17095b58af11f0c55f8577390a749b1c4dde691b6a0315dab78f5f54c9b3d83f8fb5905c1c05
  languageName: node
  linkType: hard

"supports-color@npm:^7.1.0":
  version: 7.2.0
  resolution: "supports-color@npm:7.2.0"
  dependencies:
    has-flag: "npm:^4.0.0"
  checksum: 10c0/afb4c88521b8b136b5f5f95160c98dee7243dc79d5432db7efc27efb219385bbc7d9427398e43dd6cc730a0f87d5085ce1652af7efbe391327bc0a7d0f7fc124
  languageName: node
  linkType: hard

"supports-preserve-symlinks-flag@npm:^1.0.0":
  version: 1.0.0
  resolution: "supports-preserve-symlinks-flag@npm:1.0.0"
  checksum: 10c0/6c4032340701a9950865f7ae8ef38578d8d7053f5e10518076e6554a9381fa91bd9c6850193695c141f32b21f979c985db07265a758867bac95de05f7d8aeb39
  languageName: node
  linkType: hard

"to-regex-range@npm:^5.0.1":
  version: 5.0.1
  resolution: "to-regex-range@npm:5.0.1"
  dependencies:
    is-number: "npm:^7.0.0"
  checksum: 10c0/487988b0a19c654ff3e1961b87f471702e708fa8a8dd02a298ef16da7206692e8552a0250e8b3e8759270f62e9d8314616f6da274734d3b558b1fc7b7724e892
  languageName: node
  linkType: hard

"ts-node@npm:^10.9.1":
  version: 10.9.1
  resolution: "ts-node@npm:10.9.1"
  dependencies:
    "@cspotcode/source-map-support": "npm:^0.8.0"
    "@tsconfig/node10": "npm:^1.0.7"
    "@tsconfig/node12": "npm:^1.0.7"
    "@tsconfig/node14": "npm:^1.0.0"
    "@tsconfig/node16": "npm:^1.0.2"
    acorn: "npm:^8.4.1"
    acorn-walk: "npm:^8.1.1"
    arg: "npm:^4.1.0"
    create-require: "npm:^1.1.0"
    diff: "npm:^4.0.1"
    make-error: "npm:^1.1.1"
    v8-compile-cache-lib: "npm:^3.0.1"
    yn: "npm:3.1.1"
  peerDependencies:
    "@swc/core": ">=1.2.50"
    "@swc/wasm": ">=1.2.50"
    "@types/node": "*"
    typescript: ">=2.7"
  peerDependenciesMeta:
    "@swc/core":
      optional: true
    "@swc/wasm":
      optional: true
  bin:
    ts-node: dist/bin.js
    ts-node-cwd: dist/bin-cwd.js
    ts-node-esm: dist/bin-esm.js
    ts-node-script: dist/bin-script.js
    ts-node-transpile-only: dist/bin-transpile.js
    ts-script: dist/bin-script-deprecated.js
  checksum: 10c0/95187932fb83f3901e22546bd2feeac7d2feb4f412f42ac3a595f049a23e8dcf70516dffb51866391228ea2dbcfaea039e250fb2bb334d48a86ab2b6aea0ae2d
  languageName: node
  linkType: hard

"typescript@npm:^4.9.4":
  version: 4.9.4
  resolution: "typescript@npm:4.9.4"
  bin:
    tsc: bin/tsc
    tsserver: bin/tsserver
  checksum: 10c0/5008b97a2a3afdbe57ea70e504ebc8ec98f18d888059dfb7932a41f566a1360a28afc8de2a440fd6143b4014cc6d2616079931dc690c7513c2d21fa53957e0ec
  languageName: node
  linkType: hard

"typescript@patch:typescript@npm%3A^4.9.4#optional!builtin<compat/typescript>":
  version: 4.9.4
  resolution: "typescript@patch:typescript@npm%3A4.9.4#optional!builtin<compat/typescript>::version=4.9.4&hash=289587"
  bin:
    tsc: bin/tsc
    tsserver: bin/tsserver
  checksum: 10c0/d2949ccbf74e52ec8a153e5b2996439854e40937334b97374d4985c47465de1b63a611f15dc9bab9a8ae735fbedfabdf30f55e968778d890600f8472c286a08a
  languageName: node
  linkType: hard

"undici-types@npm:~6.19.2":
  version: 6.19.8
  resolution: "undici-types@npm:6.19.8"
  checksum: 10c0/078afa5990fba110f6824823ace86073b4638f1d5112ee26e790155f481f2a868cc3e0615505b6f4282bdf74a3d8caad715fd809e870c2bb0704e3ea6082f344
  languageName: node
  linkType: hard

"util-deprecate@npm:^1.0.1":
  version: 1.0.2
  resolution: "util-deprecate@npm:1.0.2"
  checksum: 10c0/41a5bdd214df2f6c3ecf8622745e4a366c4adced864bc3c833739791aeeeb1838119af7daed4ba36428114b5c67dcda034a79c882e97e43c03e66a4dd7389942
  languageName: node
  linkType: hard

"v8-compile-cache-lib@npm:^3.0.1":
  version: 3.0.1
  resolution: "v8-compile-cache-lib@npm:3.0.1"
  checksum: 10c0/bdc36fb8095d3b41df197f5fb6f11e3a26adf4059df3213e3baa93810d8f0cc76f9a74aaefc18b73e91fe7e19154ed6f134eda6fded2e0f1c8d2272ed2d2d391
  languageName: node
  linkType: hard

"wcwidth@npm:^1.0.1":
  version: 1.0.1
  resolution: "wcwidth@npm:1.0.1"
  dependencies:
    defaults: "npm:^1.0.3"
  checksum: 10c0/5b61ca583a95e2dd85d7078400190efd452e05751a64accb8c06ce4db65d7e0b0cde9917d705e826a2e05cc2548f61efde115ffa374c3e436d04be45c889e5b4
  languageName: node
  linkType: hard

"wrappy@npm:1":
  version: 1.0.2
  resolution: "wrappy@npm:1.0.2"
  checksum: 10c0/56fece1a4018c6a6c8e28fbc88c87e0fbf4ea8fd64fc6c63b18f4acc4bd13e0ad2515189786dd2c30d3eec9663d70f4ecf699330002f8ccb547e4a18231fc9f0
  languageName: node
  linkType: hard

"xtend@npm:^4.0.0":
  version: 4.0.2
  resolution: "xtend@npm:4.0.2"
  checksum: 10c0/366ae4783eec6100f8a02dff02ac907bf29f9a00b82ac0264b4d8b832ead18306797e283cf19de776538babfdcb2101375ec5646b59f08c52128ac4ab812ed0e
  languageName: node
  linkType: hard

"yn@npm:3.1.1":
  version: 3.1.1
  resolution: "yn@npm:3.1.1"
  checksum: 10c0/0732468dd7622ed8a274f640f191f3eaf1f39d5349a1b72836df484998d7d9807fbea094e2f5486d6b0cd2414aad5775972df0e68f8604db89a239f0f4bf7443
  languageName: node
  linkType: hard
